
Microsoft Visual Studio Solution File, Format Version 12.00
# Visual Studio Version 16
VisualStudioVersion = 16.0.29025.244
MinimumVisualStudioVersion = 10.0.40219.1
Project("{FAE04EC0-301F-11D3-BF4B-00C04F79EFBC}") = "EnhancedBatch", "EnhancedBatch\EnhancedBatch.csproj", "{96F0609B-48E8-4601-8A25-BFD7953484FC}"
EndProject
Global
	GlobalSection(SolutionConfigurationPlatforms) = preSolution
		Debug|Any CPU = Debug|Any CPU
		Release|Any CPU = Release|Any CPU
	EndGlobalSection
	GlobalSection(ProjectConfigurationPlatforms) = postSolution
		{96F0609B-48E8-4601-8A25-BFD7953484FC}.Debug|Any CPU.ActiveCfg = Debug|Any CPU
		{96F0609B-48E8-4601-8A25-BFD7953484FC}.Debug|Any CPU.Build.0 = Debug|Any CPU
		{96F0609B-48E8-4601-8A25-BFD7953484FC}.Release|Any CPU.ActiveCfg = Release|Any CPU
		{96F0609B-48E8-4601-8A25-BFD7953484FC}.Release|Any CPU.Build.0 = Release|Any CPU
	EndGlobalSection
	GlobalSection(SolutionProperties) = preSolution
		HideSolutionNode = FALSE
	EndGlobalSection
	GlobalSection(ExtensibilityGlobals) = postSolution
		SolutionGuid = {89153E4B-445E-4A1C-B39C-7012F070A34E}
	EndGlobalSection
EndGlobal
